
Microsoft Visual Studio Solution File, Format Version 10.00
# Visual Studio 2008
# SharpDevelop 4.3
Project("{2150E333-8FDC-42A3-9474-1A3956D46DE8}") = "Solution Items", "Solution Items", "{6ABA0AB4-46B9-4F77-9653-FBD7927AE65D}"
	ProjectSection(SolutionItems) = preProject
		serilizedTerrian.cs = serilizedTerrian.cs
	EndProjectSection
EndProject
Project("{FAE04EC0-301F-11D3-BF4B-00C04F79EFBC}") = "SaveBrush", "SaveBrush\SaveBrush.csproj", "{38B85A85-92C3-4FCA-B8EA-F6412301E4C9}"
EndProject
Global
	GlobalSection(SolutionConfigurationPlatforms) = preSolution
		Debug|Any CPU = Debug|Any CPU
		Release|Any CPU = Release|Any CPU
	EndGlobalSection
	GlobalSection(ProjectConfigurationPlatforms) = postSolution
		{38B85A85-92C3-4FCA-B8EA-F6412301E4C9}.Debug|Any CPU.ActiveCfg = Debug|Any CPU
		{38B85A85-92C3-4FCA-B8EA-F6412301E4C9}.Debug|Any CPU.Build.0 = Debug|Any CPU
		{38B85A85-92C3-4FCA-B8EA-F6412301E4C9}.Release|Any CPU.ActiveCfg = Release|Any CPU
		{38B85A85-92C3-4FCA-B8EA-F6412301E4C9}.Release|Any CPU.Build.0 = Release|Any CPU
	EndGlobalSection
	GlobalSection(SolutionProperties) = preSolution
		HideSolutionNode = FALSE
	EndGlobalSection
EndGlobal
